<?xml version="1.0" encoding="utf-8"?>
<Project ToolsVersion="4.0" xmlns="http://schemas.microsoft.com/developer/msbuild/2003">
  <ItemGroup>
    <Filter Include="源文件">
      <UniqueIdentifier>{4FC737F1-C7A5-4376-A066-2A32D752A2FF}</UniqueIdentifier>
      <Extensions>cpp;c;cc;cxx;c++;cppm;ixx;def;odl;idl;hpj;bat;asm;asmx</Extensions>
    </Filter>
    <Filter Include="头文件">
      <UniqueIdentifier>{93995380-89BD-4b04-88EB-625FBE52EBFB}</UniqueIdentifier>
      <Extensions>h;hh;hpp;hxx;h++;hm;inl;inc;ipp;xsd</Extensions>
    </Filter>
    <Filter Include="资源文件">
      <UniqueIdentifier>{67DA6AB6-F800-4c08-8B7A-83BB121AAD01}</UniqueIdentifier>
      <Extensions>rc;ico;cur;bmp;dlg;rc2;rct;bin;rgs;gif;jpg;jpeg;jpe;resx;tiff;tif;png;wav;mfcribbon-ms</Extensions>
    </Filter>
    <Filter Include="AStar">
      <UniqueIdentifier>{7b446cfa-90fb-4c69-b3dd-b78d34d75f35}</UniqueIdentifier>
    </Filter>
  </ItemGroup>
  <ItemGroup>
    <ClCompile Include="..\CGALib\gameinterface.cpp">
      <Filter>源文件</Filter>
    </ClCompile>
    <ClCompile Include="CGAPython.cpp">
      <Filter>源文件</Filter>
    </ClCompile>
    <ClCompile Include="CGAPython_wrap.cpp">
      <Filter>源文件</Filter>
    </ClCompile>
    <ClCompile Include="AStar\AStar.cpp">
      <Filter>AStar</Filter>
    </ClCompile>
    <ClCompile Include="AStar\AStarGrid.cpp">
      <Filter>AStar</Filter>
    </ClCompile>
    <ClCompile Include="AStar\AStarNode.cpp">
      <Filter>AStar</Filter>
    </ClCompile>
    <ClCompile Include="AStar\AStarUtil.cpp">
      <Filter>AStar</Filter>
    </ClCompile>
  </ItemGroup>
  <ItemGroup>
    <ClInclude Include="..\CGALib\gameinterface.h">
      <Filter>头文件</Filter>
    </ClInclude>
    <ClInclude Include="..\CGALib\packdata.h">
      <Filter>头文件</Filter>
    </ClInclude>
    <ClInclude Include="CGAPython.h">
      <Filter>头文件</Filter>
    </ClInclude>
    <ClInclude Include="AStar\AStar.h">
      <Filter>AStar</Filter>
    </ClInclude>
    <ClInclude Include="AStar\AStarDef.h">
      <Filter>AStar</Filter>
    </ClInclude>
    <ClInclude Include="AStar\AStarGrid.h">
      <Filter>AStar</Filter>
    </ClInclude>
    <ClInclude Include="AStar\AStarNode.h">
      <Filter>AStar</Filter>
    </ClInclude>
    <ClInclude Include="AStar\AStarUtil.h">
      <Filter>AStar</Filter>
    </ClInclude>
  </ItemGroup>
</Project>