
Microsoft Visual Studio Solution File, Format Version 12.00
# Visual Studio Version 16
VisualStudioVersion = 16.0.31613.86
MinimumVisualStudioVersion = 10.0.40219.1
Project("{8BC9CEB8-8B4A-11D0-8D11-00A0C91BC942}") = "MLAssistTool", "MLAssistTool.vcxproj", "{CC765286-A6E2-4E3E-A477-7D5313D0CCAE}"
EndProject
Global
	GlobalSection(SolutionConfigurationPlatforms) = preSolution
		Debug|Win32 = Debug|Win32
		Debug|x64 = Debug|x64
		Debug|x86 = Debug|x86
		Release|Win32 = Release|Win32
		Release|x64 = Release|x64
		Release|x86 = Release|x86
	EndGlobalSection
	GlobalSection(ProjectConfigurationPlatforms) = postSolution
		{CC765286-A6E2-4E3E-A477-7D5313D0CCAE}.Debug|Win32.ActiveCfg = Release|Win32
		{CC765286-A6E2-4E3E-A477-7D5313D0CCAE}.Debug|Win32.Build.0 = Release|Win32
		{CC765286-A6E2-4E3E-A477-7D5313D0CCAE}.Debug|x64.ActiveCfg = Release|x64
		{CC765286-A6E2-4E3E-A477-7D5313D0CCAE}.Debug|x86.ActiveCfg = Release|x64
		{CC765286-A6E2-4E3E-A477-7D5313D0CCAE}.Release|Win32.ActiveCfg = Release|Win32
		{CC765286-A6E2-4E3E-A477-7D5313D0CCAE}.Release|Win32.Build.0 = Release|Win32
		{CC765286-A6E2-4E3E-A477-7D5313D0CCAE}.Release|x64.ActiveCfg = Release|x64
		{CC765286-A6E2-4E3E-A477-7D5313D0CCAE}.Release|x64.Build.0 = Release|x64
		{CC765286-A6E2-4E3E-A477-7D5313D0CCAE}.Release|x86.ActiveCfg = Release|x64
	EndGlobalSection
	GlobalSection(SolutionProperties) = preSolution
		HideSolutionNode = FALSE
	EndGlobalSection
	GlobalSection(ExtensibilityGlobals) = postSolution
		Qt5Version = 5.15.2_msvc2019
		SolutionGuid = {4C4C1C61-CB1B-4C28-9956-E4BA6C4B78C2}
	EndGlobalSection
EndGlobal
